Microsoft Visual Studio Solution File, Format Version 12.00
# Visual Studio Version 17
VisualStudioVersion = 17.5.2.0
MinimumVisualStudioVersion = 10.0.40219.1
Project("{FAE04EC0-301F-11D3-BF4B-00C04F79EFBC}") = "NutriDish", "NutriDish.csproj", "{3AF4B543-8452-F7CC-E542-DF29CD10BB75}"
EndProject
Global
	GlobalSection(SolutionConfigurationPlatforms) = preSolution
		Debug|Any CPU = Debug|Any CPU
		Release|Any CPU = Release|Any CPU
	EndGlobalSection
	GlobalSection(ProjectConfigurationPlatforms) = postSolution
		{3AF4B543-8452-F7CC-E542-DF29CD10BB75}.Debug|Any CPU.ActiveCfg = Debug|Any CPU
		{3AF4B543-8452-F7CC-E542-DF29CD10BB75}.Debug|Any CPU.Build.0 = Debug|Any CPU
		{3AF4B543-8452-F7CC-E542-DF29CD10BB75}.Release|Any CPU.ActiveCfg = Release|Any CPU
		{3AF4B543-8452-F7CC-E542-DF29CD10BB75}.Release|Any CPU.Build.0 = Release|Any CPU
	EndGlobalSection
	GlobalSection(SolutionProperties) = preSolution
		HideSolutionNode = FALSE
	EndGlobalSection
	GlobalSection(ExtensibilityGlobals) = postSolution
		SolutionGuid = {F2221623-0AF2-4B22-BC8A-C3ED85B73E6F}
	EndGlobalSection
EndGlobal
